// !$*UTF8*$!
{
	archiveVersion = 1;
	classes = {
	};
	objectVersion = 50;
	objects = {

/* Begin PBXBuildFile section */
		165E9BF022C26BB900724E7A /* MainViewControllerTests.swift in Sources */ = {isa = PBXBuildFile; fileRef = 165E9BEF22C26BB900724E7A /* MainViewControllerTests.swift */; };
		1692C77B22C1C79D00D9015D /* AppDelegate.swift in Sources */ = {isa = PBXBuildFile; fileRef = 1692C77A22C1C79D00D9015D /* AppDelegate.swift */; };
		1692C77D22C1C79D00D9015D /* SceneDelegate.swift in Sources */ = {isa = PBXBuildFile; fileRef = 1692C77C22C1C79D00D9015D /* SceneDelegate.swift */; };
		1692C77F22C1C79D00D9015D /* MainViewController.swift in Sources */ = {isa = PBXBuildFile; fileRef = 1692C77E22C1C79D00D9015D /* MainViewController.swift */; };
		1692C78222C1C79D00D9015D /* Main.storyboard in Resources */ = {isa = PBXBuildFile; fileRef = 1692C78022C1C79D00D9015D /* Main.storyboard */; };
		1692C78422C1C79E00D9015D /* Assets.xcassets in Resources */ = {isa = PBXBuildFile; fileRef = 1692C78322C1C79E00D9015D /* Assets.xcassets */; };
		1692C78722C1C79E00D9015D /* LaunchScreen.storyboard in Resources */ = {isa = PBXBuildFile; fileRef = 1692C78522C1C79E00D9015D /* LaunchScreen.storyboard */; };
		1692C79222C1C79E00D9015D /* iOSTests.swift in Sources */ = {isa = PBXBuildFile; fileRef = 1692C79122C1C79E00D9015D /* iOSTests.swift */; };
		1692C79D22C1C79E00D9015D /* iOSUITests.swift in Sources */ = {isa = PBXBuildFile; fileRef = 1692C79C22C1C79E00D9015D /* iOSUITests.swift */; };
		16ED0C2022C34FA100308364 /* PostCell.swift in Sources */ = {isa = PBXBuildFile; fileRef = 16ED0C1F22C34FA100308364 /* PostCell.swift */; };
		16ED0C2322C34FE900308364 /* ValueCell.swift in Sources */ = {isa = PBXBuildFile; fileRef = 16ED0C2222C34FE900308364 /* ValueCell.swift */; };
		16ED0C2A22C4CBBB00308364 /* ValueCellDataSource.swift in Sources */ = {isa = PBXBuildFile; fileRef = 16ED0C2922C4CBBB00308364 /* ValueCellDataSource.swift */; };
		16FB058E22C261B100BDC19E /* API.framework in Frameworks */ = {isa = PBXBuildFile; fileRef = 16FB056B22C260AA00BDC19E /* API.framework */; };
		16FB058F22C261B100BDC19E /* API.framework in Embed Frameworks */ = {isa = PBXBuildFile; fileRef = 16FB056B22C260AA00BDC19E /* API.framework */; settings = {ATTRIBUTES = (CodeSignOnCopy, RemoveHeadersOnCopy, ); }; };
		16FB05A022C2649000BDC19E /* MainPresenter.swift in Sources */ = {isa = PBXBuildFile; fileRef = 16FB059F22C2649000BDC19E /* MainPresenter.swift */; };
/* End PBXBuildFile section */

/* Begin PBXContainerItemProxy section */
		1692C78E22C1C79E00D9015D /* PBXContainerItemProxy */ = {
			isa = PBXContainerItemProxy;
			containerPortal = 1692C76F22C1C79D00D9015D /* Project object */;
			proxyType = 1;
			remoteGlobalIDString = 1692C77622C1C79D00D9015D;
			remoteInfo = iOS;
		};
		1692C79922C1C79E00D9015D /* PBXContainerItemProxy */ = {
			isa = PBXContainerItemProxy;
			containerPortal = 1692C76F22C1C79D00D9015D /* Project object */;
			proxyType = 1;
			remoteGlobalIDString = 1692C77622C1C79D00D9015D;
			remoteInfo = iOS;
		};
		16FB056A22C260AA00BDC19E /* PBXContainerItemProxy */ = {
			isa = PBXContainerItemProxy;
			containerPortal = 16FB056522C260A900BDC19E /* API.xcodeproj */;
			proxyType = 2;
			remoteGlobalIDString = 16FB054B22C260A800BDC19E;
			remoteInfo = API;
		};
		16FB056C22C260AA00BDC19E /* PBXContainerItemProxy */ = {
			isa = PBXContainerItemProxy;
			containerPortal = 16FB056522C260A900BDC19E /* API.xcodeproj */;
			proxyType = 2;
			remoteGlobalIDString = 16FB055422C260A900BDC19E;
			remoteInfo = APITests;
		};
/* End PBXContainerItemProxy section */

/* Begin PBXCopyFilesBuildPhase section */
		1692C7AE22C1CCED00D9015D /* Embed Frameworks */ = {
			isa = PBXCopyFilesBuildPhase;
			buildActionMask = 2147483647;
			dstPath = "";
			dstSubfolderSpec = 10;
			files = (
				16FB058F22C261B100BDC19E /* API.framework in Embed Frameworks */,
			);
			name = "Embed Frameworks";
			runOnlyForDeploymentPostprocessing = 0;
		};
/* End PBXCopyFilesBuildPhase section */

/* Begin PBXFileReference section */
		165E9BEF22C26BB900724E7A /* MainViewControllerTests.swift */ = {isa = PBXFileReference; lastKnownFileType = sourcecode.swift; path = MainViewControllerTests.swift; sourceTree = "<group>"; };
		1692C77722C1C79D00D9015D /* iOS.app */ = {isa = PBXFileReference; explicitFileType = wrapper.application; includeInIndex = 0; path = iOS.app; sourceTree = BUILT_PRODUCTS_DIR; };
		1692C77A22C1C79D00D9015D /* AppDelegate.swift */ = {isa = PBXFileReference; lastKnownFileType = sourcecode.swift; path = AppDelegate.swift; sourceTree = "<group>"; };
		1692C77C22C1C79D00D9015D /* SceneDelegate.swift */ = {isa = PBXFileReference; lastKnownFileType = sourcecode.swift; path = SceneDelegate.swift; sourceTree = "<group>"; };
		1692C77E22C1C79D00D9015D /* MainViewController.swift */ = {isa = PBXFileReference; lastKnownFileType = sourcecode.swift; path = MainViewController.swift; sourceTree = "<group>"; };
		1692C78122C1C79D00D9015D /* Base */ = {isa = PBXFileReference; lastKnownFileType = file.storyboard; name = Base; path = Base.lproj/Main.storyboard; sourceTree = "<group>"; };
		1692C78322C1C79E00D9015D /* Assets.xcassets */ = {isa = PBXFileReference; lastKnownFileType = folder.assetcatalog; path = Assets.xcassets; sourceTree = "<group>"; };
		1692C78622C1C79E00D9015D /* Base */ = {isa = PBXFileReference; lastKnownFileType = file.storyboard; name = Base; path = Base.lproj/LaunchScreen.storyboard; sourceTree = "<group>"; };
		1692C78822C1C79E00D9015D /* Info.plist */ = {isa = PBXFileReference; lastKnownFileType = text.plist.xml; path = Info.plist; sourceTree = "<group>"; };
		1692C78D22C1C79E00D9015D /* iOSTests.xctest */ = {isa = PBXFileReference; explicitFileType = wrapper.cfbundle; includeInIndex = 0; path = iOSTests.xctest; sourceTree = BUILT_PRODUCTS_DIR; };
		1692C79122C1C79E00D9015D /* iOSTests.swift */ = {isa = PBXFileReference; lastKnownFileType = sourcecode.swift; path = iOSTests.swift; sourceTree = "<group>"; };
		1692C79322C1C79E00D9015D /* Info.plist */ = {isa = PBXFileReference; lastKnownFileType = text.plist.xml; path = Info.plist; sourceTree = "<group>"; };
		1692C79822C1C79E00D9015D /* iOSUITests.xctest */ = {isa = PBXFileReference; explicitFileType = wrapper.cfbundle; includeInIndex = 0; path = iOSUITests.xctest; sourceTree = BUILT_PRODUCTS_DIR; };
		1692C79C22C1C79E00D9015D /* iOSUITests.swift */ = {isa = PBXFileReference; lastKnownFileType = sourcecode.swift; path = iOSUITests.swift; sourceTree = "<group>"; };
		1692C79E22C1C79E00D9015D /* Info.plist */ = {isa = PBXFileReference; lastKnownFileType = text.plist.xml; path = Info.plist; sourceTree = "<group>"; };
		16ED0C1F22C34FA100308364 /* PostCell.swift */ = {isa = PBXFileReference; lastKnownFileType = sourcecode.swift; path = PostCell.swift; sourceTree = "<group>"; };
		16ED0C2222C34FE900308364 /* ValueCell.swift */ = {isa = PBXFileReference; lastKnownFileType = sourcecode.swift; path = ValueCell.swift; sourceTree = "<group>"; };
		16ED0C2922C4CBBB00308364 /* ValueCellDataSource.swift */ = {isa = PBXFileReference; lastKnownFileType = sourcecode.swift; path = ValueCellDataSource.swift; sourceTree = "<group>"; };
		16FB056522C260A900BDC19E /* API.xcodeproj */ = {isa = PBXFileReference; lastKnownFileType = "wrapper.pb-project"; name = API.xcodeproj; path = API/API.xcodeproj; sourceTree = "<group>"; };
		16FB059F22C2649000BDC19E /* MainPresenter.swift */ = {isa = PBXFileReference; lastKnownFileType = sourcecode.swift; path = MainPresenter.swift; sourceTree = "<group>"; };
/* End PBXFileReference section */

/* Begin PBXFrameworksBuildPhase section */
		1692C77422C1C79D00D9015D /* Frameworks */ = {
			isa = PBXFrameworksBuildPhase;
			buildActionMask = 2147483647;
			files = (
				16FB058E22C261B100BDC19E /* API.framework in Frameworks */,
			);
			runOnlyForDeploymentPostprocessing = 0;
		};
		1692C78A22C1C79E00D9015D /* Frameworks */ = {
			isa = PBXFrameworksBuildPhase;
			buildActionMask = 2147483647;
			files = (
			);
			runOnlyForDeploymentPostprocessing = 0;
		};
		1692C79522C1C79E00D9015D /* Frameworks */ = {
			isa = PBXFrameworksBuildPhase;
			buildActionMask = 2147483647;
			files = (
			);
			runOnlyForDeploymentPostprocessing = 0;
		};
/* End PBXFrameworksBuildPhase section */

/* Begin PBXGroup section */
		1692C76E22C1C79D00D9015D = {
			isa = PBXGroup;
			children = (
				16FB056522C260A900BDC19E /* API.xcodeproj */,
				1692C77922C1C79D00D9015D /* iOS */,
				1692C79022C1C79E00D9015D /* iOSTests */,
				1692C79B22C1C79E00D9015D /* iOSUITests */,
				1692C77822C1C79D00D9015D /* Products */,
			);
			sourceTree = "<group>";
		};
		1692C77822C1C79D00D9015D /* Products */ = {
			isa = PBXGroup;
			children = (
				1692C77722C1C79D00D9015D /* iOS.app */,
				1692C78D22C1C79E00D9015D /* iOSTests.xctest */,
				1692C79822C1C79E00D9015D /* iOSUITests.xctest */,
			);
			name = Products;
			sourceTree = "<group>";
		};
		1692C77922C1C79D00D9015D /* iOS */ = {
			isa = PBXGroup;
			children = (
				16ED0C2122C34FDF00308364 /* Library */,
				16FB059E22C2648000BDC19E /* Main */,
				1692C78822C1C79E00D9015D /* Info.plist */,
				1692C77A22C1C79D00D9015D /* AppDelegate.swift */,
				1692C77C22C1C79D00D9015D /* SceneDelegate.swift */,
				1692C78322C1C79E00D9015D /* Assets.xcassets */,
				1692C78522C1C79E00D9015D /* LaunchScreen.storyboard */,
			);
			path = iOS;
			sourceTree = "<group>";
		};
		1692C79022C1C79E00D9015D /* iOSTests */ = {
			isa = PBXGroup;
			children = (
				1692C79122C1C79E00D9015D /* iOSTests.swift */,
				1692C79322C1C79E00D9015D /* Info.plist */,
			);
			path = iOSTests;
			sourceTree = "<group>";
		};
		1692C79B22C1C79E00D9015D /* iOSUITests */ = {
			isa = PBXGroup;
			children = (
				1692C79C22C1C79E00D9015D /* iOSUITests.swift */,
				1692C79E22C1C79E00D9015D /* Info.plist */,
			);
			path = iOSUITests;
			sourceTree = "<group>";
		};
		16ED0C2122C34FDF00308364 /* Library */ = {
			isa = PBXGroup;
			children = (
				16ED0C2222C34FE900308364 /* ValueCell.swift */,
				16ED0C2922C4CBBB00308364 /* ValueCellDataSource.swift */,
			);
			path = Library;
			sourceTree = "<group>";
		};
		16FB056622C260A900BDC19E /* Products */ = {
			isa = PBXGroup;
			children = (
				16FB056B22C260AA00BDC19E /* API.framework */,
				16FB056D22C260AA00BDC19E /* APITests.xctest */,
			);
			name = Products;
			sourceTree = "<group>";
		};
		16FB059E22C2648000BDC19E /* Main */ = {
			isa = PBXGroup;
			children = (
				16FB059F22C2649000BDC19E /* MainPresenter.swift */,
				1692C77E22C1C79D00D9015D /* MainViewController.swift */,
				165E9BEF22C26BB900724E7A /* MainViewControllerTests.swift */,
				16ED0C1F22C34FA100308364 /* PostCell.swift */,
				1692C78022C1C79D00D9015D /* Main.storyboard */,
			);
			path = Main;
			sourceTree = "<group>";
		};
/* End PBXGroup section */

/* Begin PBXNativeTarget section */
		1692C77622C1C79D00D9015D /* iOS */ = {
			isa = PBXNativeTarget;
			buildConfigurationList = 1692C7A122C1C79E00D9015D /* Build configuration list for PBXNativeTarget "iOS" */;
			buildPhases = (
				1626022A22C3535300497061 /* Swiftlint Autocorrect */,
				1692C77322C1C79D00D9015D /* Sources */,
				1692C77422C1C79D00D9015D /* Frameworks */,
				1692C77522C1C79D00D9015D /* Resources */,
				1692C7AE22C1CCED00D9015D /* Embed Frameworks */,
			);
			buildRules = (
			);
			dependencies = (
			);
			name = iOS;
			productName = iOS;
			productReference = 1692C77722C1C79D00D9015D /* iOS.app */;
			productType = "com.apple.product-type.application";
		};
		1692C78C22C1C79E00D9015D /* iOSTests */ = {
			isa = PBXNativeTarget;
			buildConfigurationList = 1692C7A422C1C79E00D9015D /* Build configuration list for PBXNativeTarget "iOSTests" */;
			buildPhases = (
				1692C78922C1C79E00D9015D /* Sources */,
				1692C78A22C1C79E00D9015D /* Frameworks */,
				1692C78B22C1C79E00D9015D /* Resources */,
			);
			buildRules = (
			);
			dependencies = (
				1692C78F22C1C79E00D9015D /* PBXTargetDependency */,
			);
			name = iOSTests;
			productName = iOSTests;
			productReference = 1692C78D22C1C79E00D9015D /* iOSTests.xctest */;
			productType = "com.apple.product-type.bundle.unit-test";
		};
		1692C79722C1C79E00D9015D /* iOSUITests */ = {
			isa = PBXNativeTarget;
			buildConfigurationList = 1692C7A722C1C79E00D9015D /* Build configuration list for PBXNativeTarget "iOSUITests" */;
			buildPhases = (
				1692C79422C1C79E00D9015D /* Sources */,
				1692C79522C1C79E00D9015D /* Frameworks */,
				1692C79622C1C79E00D9015D /* Resources */,
			);
			buildRules = (
			);
			dependencies = (
				1692C79A22C1C79E00D9015D /* PBXTargetDependency */,
			);
			name = iOSUITests;
			productName = iOSUITests;
			productReference = 1692C79822C1C79E00D9015D /* iOSUITests.xctest */;
			productType = "com.apple.product-type.bundle.ui-testing";
		};
/* End PBXNativeTarget section */

/* Begin PBXProject section */
		1692C76F22C1C79D00D9015D /* Project object */ = {
			isa = PBXProject;
			attributes = {
				LastSwiftUpdateCheck = 1100;
				LastUpgradeCheck = 1100;
				ORGANIZATIONNAME = "Kasikorn Business-Technology Group";
				TargetAttributes = {
					1692C77622C1C79D00D9015D = {
						CreatedOnToolsVersion = 11.0;
					};
					1692C78C22C1C79E00D9015D = {
						CreatedOnToolsVersion = 11.0;
						TestTargetID = 1692C77622C1C79D00D9015D;
					};
					1692C79722C1C79E00D9015D = {
						CreatedOnToolsVersion = 11.0;
						TestTargetID = 1692C77622C1C79D00D9015D;
					};
				};
			};
			buildConfigurationList = 1692C77222C1C79D00D9015D /* Build configuration list for PBXProject "iOS" */;
			compatibilityVersion = "Xcode 9.3";
			developmentRegion = en;
			hasScannedForEncodings = 0;
			knownRegions = (
				en,
				Base,
			);
			mainGroup = 1692C76E22C1C79D00D9015D;
			productRefGroup = 1692C77822C1C79D00D9015D /* Products */;
			projectDirPath = "";
			projectReferences = (
				{
					ProductGroup = 16FB056622C260A900BDC19E /* Products */;
					ProjectRef = 16FB056522C260A900BDC19E /* API.xcodeproj */;
				},
			);
			projectRoot = "";
			targets = (
				1692C77622C1C79D00D9015D /* iOS */,
				1692C78C22C1C79E00D9015D /* iOSTests */,
				1692C79722C1C79E00D9015D /* iOSUITests */,
			);
		};
/* End PBXProject section */

/* Begin PBXReferenceProxy section */
		16FB056B22C260AA00BDC19E /* API.framework */ = {
			isa = PBXReferenceProxy;
			fileType = wrapper.framework;
			path = API.framework;
			remoteRef = 16FB056A22C260AA00BDC19E /* PBXContainerItemProxy */;
			sourceTree = BUILT_PRODUCTS_DIR;
		};
		16FB056D22C260AA00BDC19E /* APITests.xctest */ = {
			isa = PBXReferenceProxy;
			fileType = wrapper.cfbundle;
			path = APITests.xctest;
			remoteRef = 16FB056C22C260AA00BDC19E /* PBXContainerItemProxy */;
			sourceTree = BUILT_PRODUCTS_DIR;
		};
/* End PBXReferenceProxy section */

/* Begin PBXResourcesBuildPhase section */
		1692C77522C1C79D00D9015D /* Resources */ = {
			isa = PBXResourcesBuildPhase;
			buildActionMask = 2147483647;
			files = (
				1692C78722C1C79E00D9015D /* LaunchScreen.storyboard in Resources */,
				1692C78422C1C79E00D9015D /* Assets.xcassets in Resources */,
				1692C78222C1C79D00D9015D /* Main.storyboard in Resources */,
			);
			runOnlyForDeploymentPostprocessing = 0;
		};
		1692C78B22C1C79E00D9015D /* Resources */ = {
			isa = PBXResourcesBuildPhase;
			buildActionMask = 2147483647;
			files = (
			);
			runOnlyForDeploymentPostprocessing = 0;
		};
		1692C79622C1C79E00D9015D /* Resources */ = {
			isa = PBXResourcesBuildPhase;
			buildActionMask = 2147483647;
			files = (
			);
			runOnlyForDeploymentPostprocessing = 0;
		};
/* End PBXResourcesBuildPhase section */

/* Begin PBXShellScriptBuildPhase section */
		1626022A22C3535300497061 /* Swiftlint Autocorrect */ = {
			isa = PBXShellScriptBuildPhase;
			buildActionMask = 2147483647;
			files = (
			);
			inputFileListPaths = (
			);
			inputPaths = (
			);
			name = "Swiftlint Autocorrect";
			outputFileListPaths = (
			);
			outputPaths = (
			);
			runOnlyForDeploymentPostprocessing = 0;
			shellPath = /bin/sh;
			shellScript = "if [ \"$CONFIGURATION\" == \"Debug\" ]; then\n  \"${SRCROOT}/script/swiftlint.sh\"\nfi\n";
		};
/* End PBXShellScriptBuildPhase section */

/* Begin PBXSourcesBuildPhase section */
		1692C77322C1C79D00D9015D /* Sources */ = {
			isa = PBXSourcesBuildPhase;
			buildActionMask = 2147483647;
			files = (
				16ED0C2A22C4CBBB00308364 /* ValueCellDataSource.swift in Sources */,
				1692C77F22C1C79D00D9015D /* MainViewController.swift in Sources */,
				16ED0C2322C34FE900308364 /* ValueCell.swift in Sources */,
				1692C77B22C1C79D00D9015D /* AppDelegate.swift in Sources */,
				16ED0C2022C34FA100308364 /* PostCell.swift in Sources */,
				1692C77D22C1C79D00D9015D /* SceneDelegate.swift in Sources */,
				16FB05A022C2649000BDC19E /* MainPresenter.swift in Sources */,
			);
			runOnlyForDeploymentPostprocessing = 0;
		};
		1692C78922C1C79E00D9015D /* Sources */ = {
			isa = PBXSourcesBuildPhase;
			buildActionMask = 2147483647;
			files = (
				1692C79222C1C79E00D9015D /* iOSTests.swift in Sources */,
				165E9BF022C26BB900724E7A /* MainViewControllerTests.swift in Sources */,
			);
			runOnlyForDeploymentPostprocessing = 0;
		};
		1692C79422C1C79E00D9015D /* Sources */ = {
			isa = PBXSourcesBuildPhase;
			buildActionMask = 2147483647;
			files = (
				1692C79D22C1C79E00D9015D /* iOSUITests.swift in Sources */,
			);
			runOnlyForDeploymentPostprocessing = 0;
		};
/* End PBXSourcesBuildPhase section */

/* Begin PBXTargetDependency section */
		1692C78F22C1C79E00D9015D /* PBXTargetDependency */ = {
			isa = PBXTargetDependency;
			target = 1692C77622C1C79D00D9015D /* iOS */;
			targetProxy = 1692C78E22C1C79E00D9015D /* PBXContainerItemProxy */;
		};
		1692C79A22C1C79E00D9015D /* PBXTargetDependency */ = {
			isa = PBXTargetDependency;
			target = 1692C77622C1C79D00D9015D /* iOS */;
			targetProxy = 1692C79922C1C79E00D9015D /* PBXContainerItemProxy */;
		};
/* End PBXTargetDependency section */

/* Begin PBXVariantGroup section */
		1692C78022C1C79D00D9015D /* Main.storyboard */ = {
			isa = PBXVariantGroup;
			children = (
				1692C78122C1C79D00D9015D /* Base */,
			);
			name = Main.storyboard;
			sourceTree = "<group>";
		};
		1692C78522C1C79E00D9015D /* LaunchScreen.storyboard */ = {
			isa = PBXVariantGroup;
			children = (
				1692C78622C1C79E00D9015D /* Base */,
			);
			name = LaunchScreen.storyboard;
			sourceTree = "<group>";
		};
/* End PBXVariantGroup section */

/* Begin XCBuildConfiguration section */
		1692C79F22C1C79E00D9015D /* Debug */ = {
			isa = XCBuildConfiguration;
			buildSettings = {
				ALWAYS_SEARCH_USER_PATHS = NO;
				CLANG_ANALYZER_NONNULL = YES;
				CLANG_ANALYZER_NUMBER_OBJECT_CONVERSION = YES_AGGRESSIVE;
				CLANG_CXX_LANGUAGE_STANDARD = "gnu++14";
				CLANG_CXX_LIBRARY = "libc++";
				CLANG_ENABLE_MODULES = YES;
				CLANG_ENABLE_OBJC_ARC = YES;
				CLANG_ENABLE_OBJC_WEAK = YES;
				CLANG_WARN_BLOCK_CAPTURE_AUTORELEASING = YES;
				CLANG_WARN_BOOL_CONVERSION = YES;
				CLANG_WARN_COMMA = YES;
				CLANG_WARN_CONSTANT_CONVERSION = YES;
				CLANG_WARN_DEPRECATED_OBJC_IMPLEMENTATIONS = YES;
				CLANG_WARN_DIRECT_OBJC_ISA_USAGE = YES_ERROR;
				CLANG_WARN_DOCUMENTATION_COMMENTS = YES;
				CLANG_WARN_EMPTY_BODY = YES;
				CLANG_WARN_ENUM_CONVERSION = YES;
				CLANG_WARN_INFINITE_RECURSION = YES;
				CLANG_WARN_INT_CONVERSION = YES;
				CLANG_WARN_NON_LITERAL_NULL_CONVERSION = YES;
				CLANG_WARN_OBJC_IMPLICIT_RETAIN_SELF = YES;
				CLANG_WARN_OBJC_LITERAL_CONVERSION = YES;
				CLANG_WARN_OBJC_ROOT_CLASS = YES_ERROR;
				CLANG_WARN_RANGE_LOOP_ANALYSIS = YES;
				CLANG_WARN_STRICT_PROTOTYPES = YES;
				CLANG_WARN_SUSPICIOUS_MOVE = YES;
				CLANG_WARN_UNGUARDED_AVAILABILITY = YES_AGGRESSIVE;
				CLANG_WARN_UNREACHABLE_CODE = YES;
				CLANG_WARN__DUPLICATE_METHOD_MATCH = YES;
				COPY_PHASE_STRIP = NO;
				DEBUG_INFORMATION_FORMAT = dwarf;
				ENABLE_STRICT_OBJC_MSGSEND = YES;
				ENABLE_TESTABILITY = YES;
				GCC_C_LANGUAGE_STANDARD = gnu11;
				GCC_DYNAMIC_NO_PIC = NO;
				GCC_NO_COMMON_BLOCKS = YES;
				GCC_OPTIMIZATION_LEVEL = 0;
				GCC_PREPROCESSOR_DEFINITIONS = (
					"DEBUG=1",
					"$(inherited)",
				);
				GCC_WARN_64_TO_32_BIT_CONVERSION = YES;
				GCC_WARN_ABOUT_RETURN_TYPE = YES_ERROR;
				GCC_WARN_UNDECLARED_SELECTOR = YES;
				GCC_WARN_UNINITIALIZED_AUTOS = YES_AGGRESSIVE;
				GCC_WARN_UNUSED_FUNCTION = YES;
				GCC_WARN_UNUSED_VARIABLE = YES;
				IPHONEOS_DEPLOYMENT_TARGET = 13.0;
				MTL_ENABLE_DEBUG_INFO = INCLUDE_SOURCE;
				MTL_FAST_MATH = YES;
				ONLY_ACTIVE_ARCH = YES;
				SDKROOT = iphoneos;
				SWIFT_ACTIVE_COMPILATION_CONDITIONS = DEBUG;
				SWIFT_OPTIMIZATION_LEVEL = "-Onone";
			};
			name = Debug;
		};
		1692C7A022C1C79E00D9015D /* Release */ = {
			isa = XCBuildConfiguration;
			buildSettings = {
				ALWAYS_SEARCH_USER_PATHS = NO;
				CLANG_ANALYZER_NONNULL = YES;
				CLANG_ANALYZER_NUMBER_OBJECT_CONVERSION = YES_AGGRESSIVE;
				CLANG_CXX_LANGUAGE_STANDARD = "gnu++14";
				CLANG_CXX_LIBRARY = "libc++";
				CLANG_ENABLE_MODULES = YES;
				CLANG_ENABLE_OBJC_ARC = YES;
				CLANG_ENABLE_OBJC_WEAK = YES;
				CLANG_WARN_BLOCK_CAPTURE_AUTORELEASING = YES;
				CLANG_WARN_BOOL_CONVERSION = YES;
				CLANG_WARN_COMMA = YES;
				CLANG_WARN_CONSTANT_CONVERSION = YES;
				CLANG_WARN_DEPRECATED_OBJC_IMPLEMENTATIONS = YES;
				CLANG_WARN_DIRECT_OBJC_ISA_USAGE = YES_ERROR;
				CLANG_WARN_DOCUMENTATION_COMMENTS = YES;
				CLANG_WARN_EMPTY_BODY = YES;
				CLANG_WARN_ENUM_CONVERSION = YES;
				CLANG_WARN_INFINITE_RECURSION = YES;
				CLANG_WARN_INT_CONVERSION = YES;
				CLANG_WARN_NON_LITERAL_NULL_CONVERSION = YES;
				CLANG_WARN_OBJC_IMPLICIT_RETAIN_SELF = YES;
				CLANG_WARN_OBJC_LITERAL_CONVERSION = YES;
				CLANG_WARN_OBJC_ROOT_CLASS = YES_ERROR;
				CLANG_WARN_RANGE_LOOP_ANALYSIS = YES;
				CLANG_WARN_STRICT_PROTOTYPES = YES;
				CLANG_WARN_SUSPICIOUS_MOVE = YES;
				CLANG_WARN_UNGUARDED_AVAILABILITY = YES_AGGRESSIVE;
				CLANG_WARN_UNREACHABLE_CODE = YES;
				CLANG_WARN__DUPLICATE_METHOD_MATCH = YES;
				COPY_PHASE_STRIP = NO;
				DEBUG_INFORMATION_FORMAT = "dwarf-with-dsym";
				ENABLE_NS_ASSERTIONS = NO;
				ENABLE_STRICT_OBJC_MSGSEND = YES;
				GCC_C_LANGUAGE_STANDARD = gnu11;
				GCC_NO_COMMON_BLOCKS = YES;
				GCC_WARN_64_TO_32_BIT_CONVERSION = YES;
				GCC_WARN_ABOUT_RETURN_TYPE = YES_ERROR;
				GCC_WARN_UNDECLARED_SELECTOR = YES;
				GCC_WARN_UNINITIALIZED_AUTOS = YES_AGGRESSIVE;
				GCC_WARN_UNUSED_FUNCTION = YES;
				GCC_WARN_UNUSED_VARIABLE = YES;
				IPHONEOS_DEPLOYMENT_TARGET = 13.0;
				MTL_ENABLE_DEBUG_INFO = NO;
				MTL_FAST_MATH = YES;
				SDKROOT = iphoneos;
				SWIFT_COMPILATION_MODE = wholemodule;
				SWIFT_OPTIMIZATION_LEVEL = "-O";
				VALIDATE_PRODUCT = YES;
			};
			name = Release;
		};
		1692C7A222C1C79E00D9015D /* Debug */ = {
			isa = XCBuildConfiguration;
			buildSettings = {
				ASSETCATALOG_COMPILER_APPICON_NAME = AppIcon;
				CODE_SIGN_STYLE = Automatic;
				DEVELOPMENT_TEAM = 4F3TR5RP66;
				INFOPLIST_FILE = iOS/Info.plist;
				LD_RUNPATH_SEARCH_PATHS = (
					"$(inherited)",
					"@executable_path/Frameworks",
				);
				PRODUCT_BUNDLE_IDENTIFIER = tech.kbtg.iOS;
				PRODUCT_NAME = "$(TARGET_NAME)";
				SWIFT_VERSION = 5.0;
				TARGETED_DEVICE_FAMILY = "1,2";
			};
			name = Debug;
		};
		1692C7A322C1C79E00D9015D /* Release */ = {
			isa = XCBuildConfiguration;
			buildSettings = {
				ASSETCATALOG_COMPILER_APPICON_NAME = AppIcon;
				CODE_SIGN_STYLE = Automatic;
				DEVELOPMENT_TEAM = 4F3TR5RP66;
				INFOPLIST_FILE = iOS/Info.plist;
				LD_RUNPATH_SEARCH_PATHS = (
					"$(inherited)",
					"@executable_path/Frameworks",
				);
				PRODUCT_BUNDLE_IDENTIFIER = tech.kbtg.iOS;
				PRODUCT_NAME = "$(TARGET_NAME)";
				SWIFT_VERSION = 5.0;
				TARGETED_DEVICE_FAMILY = "1,2";
			};
			name = Release;
		};
		1692C7A522C1C79E00D9015D /* Debug */ = {
			isa = XCBuildConfiguration;
			buildSettings = {
				ALWAYS_EMBED_SWIFT_STANDARD_LIBRARIES = YES;
				BUNDLE_LOADER = "$(TEST_HOST)";
				CODE_SIGN_STYLE = Automatic;
				INFOPLIST_FILE = iOSTests/Info.plist;
				LD_RUNPATH_SEARCH_PATHS = (
					"$(inherited)",
					"@executable_path/Frameworks",
					"@loader_path/Frameworks",
				);
				PRODUCT_BUNDLE_IDENTIFIER = tech.kbtg.iOSTests;
				PRODUCT_NAME = "$(TARGET_NAME)";
				SWIFT_VERSION = 5.0;
				TARGETED_DEVICE_FAMILY = "1,2";
				TEST_HOST = "$(BUILT_PRODUCTS_DIR)/iOS.app/iOS";
			};
			name = Debug;
		};
		1692C7A622C1C79E00D9015D /* Release */ = {
			isa = XCBuildConfiguration;
			buildSettings = {
				ALWAYS_EMBED_SWIFT_STANDARD_LIBRARIES = YES;
				BUNDLE_LOADER = "$(TEST_HOST)";
				CODE_SIGN_STYLE = Automatic;
				INFOPLIST_FILE = iOSTests/Info.plist;
				LD_RUNPATH_SEARCH_PATHS = (
					"$(inherited)",
					"@executable_path/Frameworks",
					"@loader_path/Frameworks",
				);
				PRODUCT_BUNDLE_IDENTIFIER = tech.kbtg.iOSTests;
				PRODUCT_NAME = "$(TARGET_NAME)";
				SWIFT_VERSION = 5.0;
				TARGETED_DEVICE_FAMILY = "1,2";
				TEST_HOST = "$(BUILT_PRODUCTS_DIR)/iOS.app/iOS";
			};
			name = Release;
		};
		1692C7A822C1C79E00D9015D /* Debug */ = {
			isa = XCBuildConfiguration;
			buildSettings = {
				ALWAYS_EMBED_SWIFT_STANDARD_LIBRARIES = YES;
				CODE_SIGN_STYLE = Automatic;
				INFOPLIST_FILE = iOSUITests/Info.plist;
				LD_RUNPATH_SEARCH_PATHS = (
					"$(inherited)",
					"@executable_path/Frameworks",
					"@loader_path/Frameworks",
				);
				PRODUCT_BUNDLE_IDENTIFIER = tech.kbtg.iOSUITests;
				PRODUCT_NAME = "$(TARGET_NAME)";
				SWIFT_VERSION = 5.0;
				TARGETED_DEVICE_FAMILY = "1,2";
				TEST_TARGET_NAME = iOS;
			};
			name = Debug;
		};
		1692C7A922C1C79E00D9015D /* Release */ = {
			isa = XCBuildConfiguration;
			buildSettings = {
				ALWAYS_EMBED_SWIFT_STANDARD_LIBRARIES = YES;
				CODE_SIGN_STYLE = Automatic;
				INFOPLIST_FILE = iOSUITests/Info.plist;
				LD_RUNPATH_SEARCH_PATHS = (
					"$(inherited)",
					"@executable_path/Frameworks",
					"@loader_path/Frameworks",
				);
				PRODUCT_BUNDLE_IDENTIFIER = tech.kbtg.iOSUITests;
				PRODUCT_NAME = "$(TARGET_NAME)";
				SWIFT_VERSION = 5.0;
				TARGETED_DEVICE_FAMILY = "1,2";
				TEST_TARGET_NAME = iOS;
			};
			name = Release;
		};
/* End XCBuildConfiguration section */

/* Begin XCConfigurationList section */
		1692C77222C1C79D00D9015D /* Build configuration list for PBXProject "iOS" */ = {
			isa = XCConfigurationList;
			buildConfigurations = (
				1692C79F22C1C79E00D9015D /* Debug */,
				1692C7A022C1C79E00D9015D /* Release */,
			);
			defaultConfigurationIsVisible = 0;
			defaultConfigurationName = Release;
		};
		1692C7A122C1C79E00D9015D /* Build configuration list for PBXNativeTarget "iOS" */ = {
			isa = XCConfigurationList;
			buildConfigurations = (
				1692C7A222C1C79E00D9015D /* Debug */,
				1692C7A322C1C79E00D9015D /* Release */,
			);
			defaultConfigurationIsVisible = 0;
			defaultConfigurationName = Release;
		};
		1692C7A422C1C79E00D9015D /* Build configuration list for PBXNativeTarget "iOSTests" */ = {
			isa = XCConfigurationList;
			buildConfigurations = (
				1692C7A522C1C79E00D9015D /* Debug */,
				1692C7A622C1C79E00D9015D /* Release */,
			);
			defaultConfigurationIsVisible = 0;
			defaultConfigurationName = Release;
		};
		1692C7A722C1C79E00D9015D /* Build configuration list for PBXNativeTarget "iOSUITests" */ = {
			isa = XCConfigurationList;
			buildConfigurations = (
				1692C7A822C1C79E00D9015D /* Debug */,
				1692C7A922C1C79E00D9015D /* Release */,
			);
			defaultConfigurationIsVisible = 0;
			defaultConfigurationName = Release;
		};
/* End XCConfigurationList section */
	};
	rootObject = 1692C76F22C1C79D00D9015D /* Project object */;
}
